
Microsoft Visual Studio Solution File, Format Version 12.00
# Visual Studio 15
VisualStudioVersion = 15.0.27703.2018
MinimumVisualStudioVersion = 10.0.40219.1
Project("{FAE04EC0-301F-11D3-BF4B-00C04F79EFBC}") = "Vue", "Vue\Vue.csproj", "{6452452C-C884-4985-94CF-CC339EF05D52}"
EndProject
Project("{FAE04EC0-301F-11D3-BF4B-00C04F79EFBC}") = "Modele", "Modele\Modele.csproj", "{5473DA53-94E7-465B-B9BD-2D23A1181F68}"
EndProject
Project("{FAE04EC0-301F-11D3-BF4B-00C04F79EFBC}") = "Console1", "Console\Console1.csproj", "{126F95B0-9770-4792-AFCA-A06D986B7591}"
EndProject
Project("{FAE04EC0-301F-11D3-BF4B-00C04F79EFBC}") = "TestUnitaireClasse", "TestUnitaireClasse\TestUnitaireClasse.csproj", "{5242B97B-2943-4B9B-A6D9-91369FF5F604}"
EndProject
Project("{FAE04EC0-301F-11D3-BF4B-00C04F79EFBC}") = "TestUnitairePersonnage", "TestUnitairePersonnage\TestUnitairePersonnage.csproj", "{42A7D37D-A992-45FE-B9FB-53E684F36FC6}"
EndProject
Global
	GlobalSection(SolutionConfigurationPlatforms) = preSolution
		Debug|Any CPU = Debug|Any CPU
		Release|Any CPU = Release|Any CPU
	EndGlobalSection
	GlobalSection(ProjectConfigurationPlatforms) = postSolution
		{6452452C-C884-4985-94CF-CC339EF05D52}.Debug|Any CPU.ActiveCfg = Debug|Any CPU
		{6452452C-C884-4985-94CF-CC339EF05D52}.Debug|Any CPU.Build.0 = Debug|Any CPU
		{6452452C-C884-4985-94CF-CC339EF05D52}.Release|Any CPU.ActiveCfg = Release|Any CPU
		{6452452C-C884-4985-94CF-CC339EF05D52}.Release|Any CPU.Build.0 = Release|Any CPU
		{5473DA53-94E7-465B-B9BD-2D23A1181F68}.Debug|Any CPU.ActiveCfg = Debug|Any CPU
		{5473DA53-94E7-465B-B9BD-2D23A1181F68}.Debug|Any CPU.Build.0 = Debug|Any CPU
		{5473DA53-94E7-465B-B9BD-2D23A1181F68}.Release|Any CPU.ActiveCfg = Release|Any CPU
		{5473DA53-94E7-465B-B9BD-2D23A1181F68}.Release|Any CPU.Build.0 = Release|Any CPU
		{126F95B0-9770-4792-AFCA-A06D986B7591}.Debug|Any CPU.ActiveCfg = Debug|Any CPU
		{126F95B0-9770-4792-AFCA-A06D986B7591}.Debug|Any CPU.Build.0 = Debug|Any CPU
		{126F95B0-9770-4792-AFCA-A06D986B7591}.Release|Any CPU.ActiveCfg = Release|Any CPU
		{126F95B0-9770-4792-AFCA-A06D986B7591}.Release|Any CPU.Build.0 = Release|Any CPU
		{5242B97B-2943-4B9B-A6D9-91369FF5F604}.Debug|Any CPU.ActiveCfg = Debug|Any CPU
		{5242B97B-2943-4B9B-A6D9-91369FF5F604}.Debug|Any CPU.Build.0 = Debug|Any CPU
		{5242B97B-2943-4B9B-A6D9-91369FF5F604}.Release|Any CPU.ActiveCfg = Release|Any CPU
		{5242B97B-2943-4B9B-A6D9-91369FF5F604}.Release|Any CPU.Build.0 = Release|Any CPU
		{42A7D37D-A992-45FE-B9FB-53E684F36FC6}.Debug|Any CPU.ActiveCfg = Debug|Any CPU
		{42A7D37D-A992-45FE-B9FB-53E684F36FC6}.Debug|Any CPU.Build.0 = Debug|Any CPU
		{42A7D37D-A992-45FE-B9FB-53E684F36FC6}.Release|Any CPU.ActiveCfg = Release|Any CPU
		{42A7D37D-A992-45FE-B9FB-53E684F36FC6}.Release|Any CPU.Build.0 = Release|Any CPU
	EndGlobalSection
	GlobalSection(SolutionProperties) = preSolution
		HideSolutionNode = FALSE
	EndGlobalSection
	GlobalSection(ExtensibilityGlobals) = postSolution
		SolutionGuid = {08E3825A-FD50-4445-9EA8-418910CF84F5}
	EndGlobalSection
EndGlobal
